
Microsoft Visual Studio Solution File, Format Version 12.00
# Visual Studio Version 16
VisualStudioVersion = 16.0.30413.136
MinimumVisualStudioVersion = 10.0.40219.1
Project("{FAE04EC0-301F-11D3-BF4B-00C04F79EFBC}") = "ArraysV2", "ArraysV2\ArraysV2.csproj", "{FF4E1A32-7AF0-42AB-B7B9-E82539710994}"
EndProject
Global
	GlobalSection(SolutionConfigurationPlatforms) = preSolution
		Debug|Any CPU = Debug|Any CPU
		Release|Any CPU = Release|Any CPU
	EndGlobalSection
	GlobalSection(ProjectConfigurationPlatforms) = postSolution
		{FF4E1A32-7AF0-42AB-B7B9-E82539710994}.Debug|Any CPU.ActiveCfg = Debug|Any CPU
		{FF4E1A32-7AF0-42AB-B7B9-E82539710994}.Debug|Any CPU.Build.0 = Debug|Any CPU
		{FF4E1A32-7AF0-42AB-B7B9-E82539710994}.Release|Any CPU.ActiveCfg = Release|Any CPU
		{FF4E1A32-7AF0-42AB-B7B9-E82539710994}.Release|Any CPU.Build.0 = Release|Any CPU
	EndGlobalSection
	GlobalSection(SolutionProperties) = preSolution
		HideSolutionNode = FALSE
	EndGlobalSection
	GlobalSection(ExtensibilityGlobals) = postSolution
		SolutionGuid = {7762EDF2-4BA7-43D4-A87A-E14DC93E96AF}
	EndGlobalSection
EndGlobal
