
Microsoft Visual Studio Solution File, Format Version 12.00
# Visual Studio Version 16
VisualStudioVersion = 16.0.30413.136
MinimumVisualStudioVersion = 10.0.40219.1
Project("{FAE04EC0-301F-11D3-BF4B-00C04F79EFBC}") = "practice1", "practice1\practice1.csproj", "{BFFDF6AE-A5D7-4957-AFB1-EE76DC977251}"
EndProject
Global
	GlobalSection(SolutionConfigurationPlatforms) = preSolution
		Debug|Any CPU = Debug|Any CPU
		Release|Any CPU = Release|Any CPU
	EndGlobalSection
	GlobalSection(ProjectConfigurationPlatforms) = postSolution
		{BFFDF6AE-A5D7-4957-AFB1-EE76DC977251}.Debug|Any CPU.ActiveCfg = Debug|Any CPU
		{BFFDF6AE-A5D7-4957-AFB1-EE76DC977251}.Debug|Any CPU.Build.0 = Debug|Any CPU
		{BFFDF6AE-A5D7-4957-AFB1-EE76DC977251}.Release|Any CPU.ActiveCfg = Release|Any CPU
		{BFFDF6AE-A5D7-4957-AFB1-EE76DC977251}.Release|Any CPU.Build.0 = Release|Any CPU
	EndGlobalSection
	GlobalSection(SolutionProperties) = preSolution
		HideSolutionNode = FALSE
	EndGlobalSection
	GlobalSection(ExtensibilityGlobals) = postSolution
		SolutionGuid = {902AC70F-E6C5-400F-AD71-AD1487B8AE6E}
	EndGlobalSection
EndGlobal
