
Microsoft Visual Studio Solution File, Format Version 12.00
# Visual Studio Version 16
VisualStudioVersion = 16.0.30413.136
MinimumVisualStudioVersion = 10.0.40219.1
Project("{FAE04EC0-301F-11D3-BF4B-00C04F79EFBC}") = "InterfacesAndExtensibility", "InterfacesAndExtensibility\InterfacesAndExtensibility.csproj", "{8E15FDCB-5E3F-4B66-886C-9CD32595B6BC}"
EndProject
Global
	GlobalSection(SolutionConfigurationPlatforms) = preSolution
		Debug|Any CPU = Debug|Any CPU
		Release|Any CPU = Release|Any CPU
	EndGlobalSection
	GlobalSection(ProjectConfigurationPlatforms) = postSolution
		{8E15FDCB-5E3F-4B66-886C-9CD32595B6BC}.Debug|Any CPU.ActiveCfg = Debug|Any CPU
		{8E15FDCB-5E3F-4B66-886C-9CD32595B6BC}.Debug|Any CPU.Build.0 = Debug|Any CPU
		{8E15FDCB-5E3F-4B66-886C-9CD32595B6BC}.Release|Any CPU.ActiveCfg = Release|Any CPU
		{8E15FDCB-5E3F-4B66-886C-9CD32595B6BC}.Release|Any CPU.Build.0 = Release|Any CPU
	EndGlobalSection
	GlobalSection(SolutionProperties) = preSolution
		HideSolutionNode = FALSE
	EndGlobalSection
	GlobalSection(ExtensibilityGlobals) = postSolution
		SolutionGuid = {C322E924-88C0-4AEF-B96D-C4C54C3E7E2C}
	EndGlobalSection
EndGlobal
