
Microsoft Visual Studio Solution File, Format Version 12.00
# Visual Studio Version 16
VisualStudioVersion = 16.0.30413.136
MinimumVisualStudioVersion = 10.0.40219.1
Project("{FAE04EC0-301F-11D3-BF4B-00C04F79EFBC}") = "ValueVsReferenceTypes", "ValueVsReferenceTypes\ValueVsReferenceTypes.csproj", "{475ECEE4-7C03-4274-A1E8-BC94A521E3FE}"
EndProject
Global
	GlobalSection(SolutionConfigurationPlatforms) = preSolution
		Debug|Any CPU = Debug|Any CPU
		Release|Any CPU = Release|Any CPU
	EndGlobalSection
	GlobalSection(ProjectConfigurationPlatforms) = postSolution
		{475ECEE4-7C03-4274-A1E8-BC94A521E3FE}.Debug|Any CPU.ActiveCfg = Debug|Any CPU
		{475ECEE4-7C03-4274-A1E8-BC94A521E3FE}.Debug|Any CPU.Build.0 = Debug|Any CPU
		{475ECEE4-7C03-4274-A1E8-BC94A521E3FE}.Release|Any CPU.ActiveCfg = Release|Any CPU
		{475ECEE4-7C03-4274-A1E8-BC94A521E3FE}.Release|Any CPU.Build.0 = Release|Any CPU
	EndGlobalSection
	GlobalSection(SolutionProperties) = preSolution
		HideSolutionNode = FALSE
	EndGlobalSection
	GlobalSection(ExtensibilityGlobals) = postSolution
		SolutionGuid = {7C41A9A6-4A8A-43DA-9261-5CFEF4CF97FE}
	EndGlobalSection
EndGlobal
