using System;
using System.Collections.Generic;
using System.Linq;
using System.Text;
using System.Threading.Tasks;

namespace Strings
{
    class Program
    {
        static void Main(string[] args)
        {
            var firstName = "Ali";
            var lastName = "Raza";

            var fullName = firstName + " " + lastName;

            var myFullName = string.Format("My name is {0} {1}", firstName, lastName);

            var names = new string[3] {"Ali", "Raza", "nobody"};
            var formattedNames = string.Join(",", names);
            Console.WriteLine(formattedNames);



        }
    }
}
