
Microsoft Visual Studio Solution File, Format Version 12.00
# Visual Studio Version 16
VisualStudioVersion = 16.0.30413.136
MinimumVisualStudioVersion = 10.0.40219.1
Project("{FAE04EC0-301F-11D3-BF4B-00C04F79EFBC}") = "TypeConversions", "TypeConversions\TypeConversions.csproj", "{D735D8B9-5438-46D9-B4D2-4D3E0443C705}"
EndProject
Global
	GlobalSection(SolutionConfigurationPlatforms) = preSolution
		Debug|Any CPU = Debug|Any CPU
		Release|Any CPU = Release|Any CPU
	EndGlobalSection
	GlobalSection(ProjectConfigurationPlatforms) = postSolution
		{D735D8B9-5438-46D9-B4D2-4D3E0443C705}.Debug|Any CPU.ActiveCfg = Debug|Any CPU
		{D735D8B9-5438-46D9-B4D2-4D3E0443C705}.Debug|Any CPU.Build.0 = Debug|Any CPU
		{D735D8B9-5438-46D9-B4D2-4D3E0443C705}.Release|Any CPU.ActiveCfg = Release|Any CPU
		{D735D8B9-5438-46D9-B4D2-4D3E0443C705}.Release|Any CPU.Build.0 = Release|Any CPU
	EndGlobalSection
	GlobalSection(SolutionProperties) = preSolution
		HideSolutionNode = FALSE
	EndGlobalSection
	GlobalSection(ExtensibilityGlobals) = postSolution
		SolutionGuid = {5C11C49D-C93B-48B5-B676-EDE2AF08D6B1}
	EndGlobalSection
EndGlobal
