
Microsoft Visual Studio Solution File, Format Version 12.00
# Visual Studio Version 16
VisualStudioVersion = 16.0.30413.136
MinimumVisualStudioVersion = 10.0.40219.1
Project("{FAE04EC0-301F-11D3-BF4B-00C04F79EFBC}") = "StopWatch", "StopWatch\StopWatch.csproj", "{F6E5BB33-8F88-41A8-B587-52A8BAC242B2}"
EndProject
Global
	GlobalSection(SolutionConfigurationPlatforms) = preSolution
		Debug|Any CPU = Debug|Any CPU
		Release|Any CPU = Release|Any CPU
	EndGlobalSection
	GlobalSection(ProjectConfigurationPlatforms) = postSolution
		{F6E5BB33-8F88-41A8-B587-52A8BAC242B2}.Debug|Any CPU.ActiveCfg = Debug|Any CPU
		{F6E5BB33-8F88-41A8-B587-52A8BAC242B2}.Debug|Any CPU.Build.0 = Debug|Any CPU
		{F6E5BB33-8F88-41A8-B587-52A8BAC242B2}.Release|Any CPU.ActiveCfg = Release|Any CPU
		{F6E5BB33-8F88-41A8-B587-52A8BAC242B2}.Release|Any CPU.Build.0 = Release|Any CPU
	EndGlobalSection
	GlobalSection(SolutionProperties) = preSolution
		HideSolutionNode = FALSE
	EndGlobalSection
	GlobalSection(ExtensibilityGlobals) = postSolution
		SolutionGuid = {DEFF6562-EF6C-41B0-8908-C85D95D0426E}
	EndGlobalSection
EndGlobal
